
Microsoft Visual Studio Solution File, Format Version 12.00
# Visual Studio Version 16
VisualStudioVersion = 16.0.29709.97
MinimumVisualStudioVersion = 10.0.40219.1
Project("{FAE04EC0-301F-11D3-BF4B-00C04F79EFBC}") = "KickScooterSharing", "KickScooterSharing\KickScooterSharing.csproj", "{08B3929D-534A-4118-BF68-93142B5B48BD}"
EndProject
Global
	GlobalSection(SolutionConfigurationPlatforms) = preSolution
		Debug|Any CPU = Debug|Any CPU
		Release|Any CPU = Release|Any CPU
	EndGlobalSection
	GlobalSection(ProjectConfigurationPlatforms) = postSolution
		{08B3929D-534A-4118-BF68-93142B5B48BD}.Debug|Any CPU.ActiveCfg = Debug|Any CPU
		{08B3929D-534A-4118-BF68-93142B5B48BD}.Debug|Any CPU.Build.0 = Debug|Any CPU
		{08B3929D-534A-4118-BF68-93142B5B48BD}.Release|Any CPU.ActiveCfg = Release|Any CPU
		{08B3929D-534A-4118-BF68-93142B5B48BD}.Release|Any CPU.Build.0 = Release|Any CPU
	EndGlobalSection
	GlobalSection(SolutionProperties) = preSolution
		HideSolutionNode = FALSE
	EndGlobalSection
	GlobalSection(ExtensibilityGlobals) = postSolution
		SolutionGuid = {FCE8EC88-D961-4844-A441-9B9203986695}
	EndGlobalSection
EndGlobal
